{
  "name": "ckeditor5-paste-plaintext",
  "version": "38.1.1",
  "lockfileVersion": 3,
  "requires": true,
  "packages": {
    "": {
      "name": "ckeditor5-paste-plaintext",
      "version": "38.1.1",
      "license": "MIT",
      "dependencies": {
        "@ckeditor/ckeditor5-clipboard": "38.1.1",
        "@ckeditor/ckeditor5-core": "38.1.1",
        "@ckeditor/ckeditor5-ui": "38.1.1"
      }
    },
    "node_modules/@ckeditor/ckeditor5-clipboard": {
      "version": "38.1.1",
      "resolved": "https://artifactory.1and1.org/artifactory/api/npm/ciso-npm-virtual/@ckeditor/ckeditor5-clipboard/-/ckeditor5-clipboard-38.1.1.tgz",
      "integrity": "sha512-FN6QxWw0ZcoMsCkm6FuN2do//qjNGofnsFernKWJPbL2E056dvB4WmhYHa4fCvGASCROcJ17yUV7oYI+1ah/og==",
      "license": "GPL-2.0-or-later",
      "dependencies": {
        "@ckeditor/ckeditor5-core": "38.1.1",
        "@ckeditor/ckeditor5-engine": "38.1.1",
        "@ckeditor/ckeditor5-ui": "38.1.1",
        "@ckeditor/ckeditor5-utils": "38.1.1",
        "@ckeditor/ckeditor5-widget": "38.1.1",
        "lodash-es": "^4.17.15"
      },
      "engines": {
        "node": ">=16.0.0",
        "npm": ">=5.7.1"
      }
    },
    "node_modules/@ckeditor/ckeditor5-core": {
      "version": "38.1.1",
      "resolved": "https://artifactory.1and1.org/artifactory/api/npm/ciso-npm-virtual/@ckeditor/ckeditor5-core/-/ckeditor5-core-38.1.1.tgz",
      "integrity": "sha512-5yC+oSoCnjfOrvmECbwtu4zBt9S5dJfOYsAzfIGEbmD9DVGIyLBDKEjJ9IbAKAy1HG6CgAkZyv1YyEc5G5g3ew==",
      "license": "GPL-2.0-or-later",
      "dependencies": {
        "@ckeditor/ckeditor5-engine": "38.1.1",
        "@ckeditor/ckeditor5-utils": "38.1.1",
        "lodash-es": "^4.17.15"
      },
      "engines": {
        "node": ">=16.0.0",
        "npm": ">=5.7.1"
      }
    },
    "node_modules/@ckeditor/ckeditor5-engine": {
      "version": "38.1.1",
      "resolved": "https://artifactory.1and1.org/artifactory/api/npm/ciso-npm-virtual/@ckeditor/ckeditor5-engine/-/ckeditor5-engine-38.1.1.tgz",
      "integrity": "sha512-Z0LYg7B4vN3ZNUf3utmBRXQBn3JNy81Xs+45sQ09Fpf5p6aKer37vxEA315O17PnWYndildeKNRUNdjI942HcQ==",
      "license": "GPL-2.0-or-later",
      "dependencies": {
        "@ckeditor/ckeditor5-utils": "38.1.1",
        "lodash-es": "^4.17.15"
      },
      "engines": {
        "node": ">=16.0.0",
        "npm": ">=5.7.1"
      }
    },
    "node_modules/@ckeditor/ckeditor5-enter": {
      "version": "38.1.1",
      "resolved": "https://artifactory.1and1.org/artifactory/api/npm/ciso-npm-virtual/@ckeditor/ckeditor5-enter/-/ckeditor5-enter-38.1.1.tgz",
      "integrity": "sha512-jzlTvyBwBw4TLr03NXwVeZD87pOSjisx8WCEahWM8Rxrw77k+7rg3blAWmmpw9cHUp2WkpxCztfvQtQouT9Jpw==",
      "license": "GPL-2.0-or-later",
      "dependencies": {
        "@ckeditor/ckeditor5-core": "38.1.1",
        "@ckeditor/ckeditor5-engine": "38.1.1",
        "@ckeditor/ckeditor5-utils": "38.1.1"
      },
      "engines": {
        "node": ">=16.0.0",
        "npm": ">=5.7.1"
      }
    },
    "node_modules/@ckeditor/ckeditor5-typing": {
      "version": "38.1.1",
      "resolved": "https://artifactory.1and1.org/artifactory/api/npm/ciso-npm-virtual/@ckeditor/ckeditor5-typing/-/ckeditor5-typing-38.1.1.tgz",
      "integrity": "sha512-KU0wF1ueWFwK3BnkGB2v2vpjISgwmC0OxpPM0RLHCDG5iSvIkPbu1tUj9rbxRx45JM6xgpTP1C9kEFSm5w5MoQ==",
      "license": "GPL-2.0-or-later",
      "dependencies": {
        "@ckeditor/ckeditor5-core": "38.1.1",
        "@ckeditor/ckeditor5-engine": "38.1.1",
        "@ckeditor/ckeditor5-utils": "38.1.1",
        "lodash-es": "^4.17.15"
      },
      "engines": {
        "node": ">=16.0.0",
        "npm": ">=5.7.1"
      }
    },
    "node_modules/@ckeditor/ckeditor5-ui": {
      "version": "38.1.1",
      "resolved": "https://artifactory.1and1.org/artifactory/api/npm/ciso-npm-virtual/@ckeditor/ckeditor5-ui/-/ckeditor5-ui-38.1.1.tgz",
      "integrity": "sha512-lTqOaciupH66Zz7BSRGOm5DyjLURJwmFfZyCYCKD6+ZbTsxcP1asdiUm8y3bOx2maRCZTrHMhuAANp3qFWXoLQ==",
      "license": "GPL-2.0-or-later",
      "dependencies": {
        "@ckeditor/ckeditor5-core": "38.1.1",
        "@ckeditor/ckeditor5-utils": "38.1.1",
        "color-convert": "2.0.1",
        "color-parse": "1.4.2",
        "lodash-es": "^4.17.15",
        "vanilla-colorful": "0.7.2"
      },
      "engines": {
        "node": ">=16.0.0",
        "npm": ">=5.7.1"
      }
    },
    "node_modules/@ckeditor/ckeditor5-utils": {
      "version": "38.1.1",
      "resolved": "https://artifactory.1and1.org/artifactory/api/npm/ciso-npm-virtual/@ckeditor/ckeditor5-utils/-/ckeditor5-utils-38.1.1.tgz",
      "integrity": "sha512-+dSCchr8sseqWSfCuuOk5uajCo2Tr71IXmn3EGalEHE6Fc1GjWElO90GAA4Pbezrt1zG1tDqhh+bZHULAcK8wQ==",
      "license": "GPL-2.0-or-later",
      "dependencies": {
        "lodash-es": "^4.17.15"
      },
      "engines": {
        "node": ">=16.0.0",
        "npm": ">=5.7.1"
      }
    },
    "node_modules/@ckeditor/ckeditor5-widget": {
      "version": "38.1.1",
      "resolved": "https://artifactory.1and1.org/artifactory/api/npm/ciso-npm-virtual/@ckeditor/ckeditor5-widget/-/ckeditor5-widget-38.1.1.tgz",
      "integrity": "sha512-WAQhYBRfpu5jhV7Subc8pVkHYFCgXyJ65bQg5Jn8Em86lySejXQEi/GowjKwkwzlSrceqDrELEJV9jcCaUZlaA==",
      "license": "GPL-2.0-or-later",
      "dependencies": {
        "@ckeditor/ckeditor5-core": "38.1.1",
        "@ckeditor/ckeditor5-engine": "38.1.1",
        "@ckeditor/ckeditor5-enter": "38.1.1",
        "@ckeditor/ckeditor5-typing": "38.1.1",
        "@ckeditor/ckeditor5-ui": "38.1.1",
        "@ckeditor/ckeditor5-utils": "38.1.1",
        "lodash-es": "^4.17.15"
      },
      "engines": {
        "node": ">=16.0.0",
        "npm": ">=5.7.1"
      }
    },
    "node_modules/color-convert": {
      "version": "2.0.1",
      "resolved": "https://artifactory.1and1.org/artifactory/api/npm/ciso-npm-virtual/color-convert/-/color-convert-2.0.1.tgz",
      "integrity": "sha512-RRECPsj7iu/xb5oKYcsFHSppFNnsj/52OVTRKb4zP5onXwVF3zVmmToNcOfGC+CRDpfK/U584fMg38ZHCaElKQ==",
      "license": "MIT",
      "dependencies": {
        "color-name": "~1.1.4"
      },
      "engines": {
        "node": ">=7.0.0"
      }
    },
    "node_modules/color-name": {
      "version": "1.1.4",
      "resolved": "https://artifactory.1and1.org/artifactory/api/npm/ciso-npm-virtual/color-name/-/color-name-1.1.4.tgz",
      "integrity": "sha512-dOy+3AuW3a2wNbZHIuMZpTcgjGuLU/uBL/ubcZF9OXbDo8ff4O8yVp5Bf0efS8uEoYo5q4Fx7dY9OgQGXgAsQA==",
      "license": "MIT"
    },
    "node_modules/color-parse": {
      "version": "1.4.2",
      "resolved": "https://artifactory.1and1.org/artifactory/api/npm/ciso-npm-virtual/color-parse/-/color-parse-1.4.2.tgz",
      "integrity": "sha512-RI7s49/8yqDj3fECFZjUI1Yi0z/Gq1py43oNJivAIIDSyJiOZLfYCRQEgn8HEVAj++PcRe8AnL2XF0fRJ3BTnA==",
      "license": "MIT",
      "dependencies": {
        "color-name": "^1.0.0"
      }
    },
    "node_modules/lodash-es": {
      "version": "4.17.21",
      "resolved": "https://artifactory.1and1.org/artifactory/api/npm/ciso-npm-virtual/lodash-es/-/lodash-es-4.17.21.tgz",
      "integrity": "sha512-mKnC+QJ9pWVzv+C4/U3rRsHapFfHvQFoFB92e52xeyGMcX6/OlIl78je1u8vePzYZSkkogMPJ2yjxxsb89cxyw==",
      "license": "MIT"
    },
    "node_modules/vanilla-colorful": {
      "version": "0.7.2",
      "resolved": "https://artifactory.1and1.org/artifactory/api/npm/ciso-npm-virtual/vanilla-colorful/-/vanilla-colorful-0.7.2.tgz",
      "integrity": "sha512-z2YZusTFC6KnLERx1cgoIRX2CjPRP0W75N+3CC6gbvdX5Ch47rZkEMGO2Xnf+IEmi3RiFLxS18gayMA27iU7Kg==",
      "license": "MIT"
    }
  }
}
